// !$*UTF8*$!
{
	archiveVersion = 1;
	classes = {
	};
	objectVersion = 48;
	objects = {

/* Begin PBXBuildFile section */
		EC5A8AA41F81D85300F208B8 /* AppDelegate.swift in Sources */ = {isa = PBXBuildFile; fileRef = EC5A8AA31F81D85300F208B8 /* AppDelegate.swift */; };
		EC5A8AA61F81D85300F208B8 /* ViewController.swift in Sources */ = {isa = PBXBuildFile; fileRef = EC5A8AA51F81D85300F208B8 /* ViewController.swift */; };
		EC5A8AA91F81D85300F208B8 /* Main.storyboard in Resources */ = {isa = PBXBuildFile; fileRef = EC5A8AA71F81D85300F208B8 /* Main.storyboard */; };
		EC5A8AAB1F81D85300F208B8 /* Assets.xcassets in Resources */ = {isa = PBXBuildFile; fileRef = EC5A8AAA1F81D85300F208B8 /* Assets.xcassets */; };
		EC5A8AAE1F81D85300F208B8 /* LaunchScreen.storyboard in Resources */ = {isa = PBXBuildFile; fileRef = EC5A8AAC1F81D85300F208B8 /* LaunchScreen.storyboard */; };
/* End PBXBuildFile section */

/* Begin PBXFileReference section */
		EC5A8AA01F81D85300F208B8 /* AutoLayout_Tutorial.app */ = {isa = PBXFileReference; explicitFileType = wrapper.application; includeInIndex = 0; path = AutoLayout_Tutorial.app; sourceTree = BUILT_PRODUCTS_DIR; };
		EC5A8AA31F81D85300F208B8 /* AppDelegate.swift */ = {isa = PBXFileReference; lastKnownFileType = sourcecode.swift; path = AppDelegate.swift; sourceTree = "<group>"; };
		EC5A8AA51F81D85300F208B8 /* ViewController.swift */ = {isa = PBXFileReference; lastKnownFileType = sourcecode.swift; path = ViewController.swift; sourceTree = "<group>"; };
		EC5A8AA81F81D85300F208B8 /* Base */ = {isa = PBXFileReference; lastKnownFileType = file.storyboard; name = Base; path = Base.lproj/Main.storyboard; sourceTree = "<group>"; };
		EC5A8AAA1F81D85300F208B8 /* Assets.xcassets */ = {isa = PBXFileReference; lastKnownFileType = folder.assetcatalog; path = Assets.xcassets; sourceTree = "<group>"; };
		EC5A8AAD1F81D85300F208B8 /* Base */ = {isa = PBXFileReference; lastKnownFileType = file.storyboard; name = Base; path = Base.lproj/LaunchScreen.storyboard; sourceTree = "<group>"; };
		EC5A8AAF1F81D85300F208B8 /* Info.plist */ = {isa = PBXFileReference; lastKnownFileType = text.plist.xml; path = Info.plist; sourceTree = "<group>"; };
/* End PBXFileReference section */

/* Begin PBXFrameworksBuildPhase section */
		EC5A8A9D1F81D85300F208B8 /* Frameworks */ = {
			isa = PBXFrameworksBuildPhase;
			buildActionMask = 2147483647;
			files = (
			);
			runOnlyForDeploymentPostprocessing = 0;
		};
/* End PBXFrameworksBuildPhase section */

/* Begin PBXGroup section */
		EC5A8A971F81D85300F208B8 = {
			isa = PBXGroup;
			children = (
				EC5A8AA21F81D85300F208B8 /* AutoLayout_Tutorial */,
				EC5A8AA11F81D85300F208B8 /* Products */,
			);
			sourceTree = "<group>";
		};
		EC5A8AA11F81D85300F208B8 /* Products */ = {
			isa = PBXGroup;
			children = (
				EC5A8AA01F81D85300F208B8 /* AutoLayout_Tutorial.app */,
			);
			name = Products;
			sourceTree = "<group>";
		};
		EC5A8AA21F81D85300F208B8 /* AutoLayout_Tutorial */ = {
			isa = PBXGroup;
			children = (
				EC5A8AA31F81D85300F208B8 /* AppDelegate.swift */,
				EC5A8AA51F81D85300F208B8 /* ViewController.swift */,
				EC5A8AA71F81D85300F208B8 /* Main.storyboard */,
				EC5A8AAA1F81D85300F208B8 /* Assets.xcassets */,
				EC5A8AAC1F81D85300F208B8 /* LaunchScreen.storyboard */,
				EC5A8AAF1F81D85300F208B8 /* Info.plist */,
			);
			path = AutoLayout_Tutorial;
			sourceTree = "<group>";
		};
/* End PBXGroup section */

/* Begin PBXNativeTarget section */
		EC5A8A9F1F81D85300F208B8 /* AutoLayout_Tutorial */ = {
			isa = PBXNativeTarget;
			buildConfigurationList = EC5A8AB21F81D85300F208B8 /* Build configuration list for PBXNativeTarget "AutoLayout_Tutorial" */;
			buildPhases = (
				EC5A8A9C1F81D85300F208B8 /* Sources */,
				EC5A8A9D1F81D85300F208B8 /* Frameworks */,
				EC5A8A9E1F81D85300F208B8 /* Resources */,
			);
			buildRules = (
			);
			dependencies = (
			);
			name = AutoLayout_Tutorial;
			productName = AutoLayout_Tutorial;
			productReference = EC5A8AA01F81D85300F208B8 /* AutoLayout_Tutorial.app */;
			productType = "com.apple.product-type.application";
		};
/* End PBXNativeTarget section */

/* Begin PBXProject section */
		EC5A8A981F81D85300F208B8 /* Project object */ = {
			isa = PBXProject;
			attributes = {
				LastSwiftUpdateCheck = 0900;
				LastUpgradeCheck = 0900;
				ORGANIZATIONNAME = MobileDevs;
				TargetAttributes = {
					EC5A8A9F1F81D85300F208B8 = {
						CreatedOnToolsVersion = 9.0;
						ProvisioningStyle = Automatic;
					};
				};
			};
			buildConfigurationList = EC5A8A9B1F81D85300F208B8 /* Build configuration list for PBXProject "AutoLayout_Tutorial" */;
			compatibilityVersion = "Xcode 8.0";
			developmentRegion = en;
			hasScannedForEncodings = 0;
			knownRegions = (
				en,
				Base,
			);
			mainGroup = EC5A8A971F81D85300F208B8;
			productRefGroup = EC5A8AA11F81D85300F208B8 /* Products */;
			projectDirPath = "";
			projectRoot = "";
			targets = (
				EC5A8A9F1F81D85300F208B8 /* AutoLayout_Tutorial */,
			);
		};
/* End PBXProject section */

/* Begin PBXResourcesBuildPhase section */
		EC5A8A9E1F81D85300F208B8 /* Resources */ = {
			isa = PBXResourcesBuildPhase;
			buildActionMask = 2147483647;
			files = (
				EC5A8AAE1F81D85300F208B8 /* LaunchScreen.storyboard in Resources */,
				EC5A8AAB1F81D85300F208B8 /* Assets.xcassets in Resources */,
				EC5A8AA91F81D85300F208B8 /* Main.storyboard in Resources */,
			);
			runOnlyForDeploymentPostprocessing = 0;
		};
/* End PBXResourcesBuildPhase section */

/* Begin PBXSourcesBuildPhase section */
		EC5A8A9C1F81D85300F208B8 /* Sources */ = {
			isa = PBXSourcesBuildPhase;
			buildActionMask = 2147483647;
			files = (
				EC5A8AA61F81D85300F208B8 /* ViewController.swift in Sources */,
				EC5A8AA41F81D85300F208B8 /* AppDelegate.swift in Sources */,
			);
			runOnlyForDeploymentPostprocessing = 0;
		};
/* End PBXSourcesBuildPhase section */

/* Begin PBXVariantGroup section */
		EC5A8AA71F81D85300F208B8 /* Main.storyboard */ = {
			isa = PBXVariantGroup;
			children = (
				EC5A8AA81F81D85300F208B8 /* Base */,
			);
			name = Main.storyboard;
			sourceTree = "<group>";
		};
		EC5A8AAC1F81D85300F208B8 /* LaunchScreen.storyboard */ = {
			isa = PBXVariantGroup;
			children = (
				EC5A8AAD1F81D85300F208B8 /* Base */,
			);
			name = LaunchScreen.storyboard;
			sourceTree = "<group>";
		};
/* End PBXVariantGroup section */

/* Begin XCBuildConfiguration section */
		EC5A8AB01F81D85300F208B8 /* Debug */ = {
			isa = XCBuildConfiguration;
			buildSettings = {
				ALWAYS_SEARCH_USER_PATHS = NO;
				CLANG_ANALYZER_NONNULL = YES;
				CLANG_ANALYZER_NUMBER_OBJECT_CONVERSION = YES_AGGRESSIVE;
				CLANG_CXX_LANGUAGE_STANDARD = "gnu++14";
				CLANG_CXX_LIBRARY = "libc++";
				CLANG_ENABLE_MODULES = YES;
				CLANG_ENABLE_OBJC_ARC = YES;
				CLANG_WARN_BLOCK_CAPTURE_AUTORELEASING = YES;
				CLANG_WARN_BOOL_CONVERSION = YES;
				CLANG_WARN_COMMA = YES;
				CLANG_WARN_CONSTANT_CONVERSION = YES;
				CLANG_WARN_DIRECT_OBJC_ISA_USAGE = YES_ERROR;
				CLANG_WARN_DOCUMENTATION_COMMENTS = YES;
				CLANG_WARN_EMPTY_BODY = YES;
				CLANG_WARN_ENUM_CONVERSION = YES;
				CLANG_WARN_INFINITE_RECURSION = YES;
				CLANG_WARN_INT_CONVERSION = YES;
				CLANG_WARN_NON_LITERAL_NULL_CONVERSION = YES;
				CLANG_WARN_OBJC_LITERAL_CONVERSION = YES;
				CLANG_WARN_OBJC_ROOT_CLASS = YES_ERROR;
				CLANG_WARN_RANGE_LOOP_ANALYSIS = YES;
				CLANG_WARN_STRICT_PROTOTYPES = YES;
				CLANG_WARN_SUSPICIOUS_MOVE = YES;
				CLANG_WARN_UNGUARDED_AVAILABILITY = YES_AGGRESSIVE;
				CLANG_WARN_UNREACHABLE_CODE = YES;
				CLANG_WARN__DUPLICATE_METHOD_MATCH = YES;
				CODE_SIGN_IDENTITY = "iPhone Developer";
				COPY_PHASE_STRIP = NO;
				DEBUG_INFORMATION_FORMAT = dwarf;
				ENABLE_STRICT_OBJC_MSGSEND = YES;
				ENABLE_TESTABILITY = YES;
				GCC_C_LANGUAGE_STANDARD = gnu11;
				GCC_DYNAMIC_NO_PIC = NO;
				GCC_NO_COMMON_BLOCKS = YES;
				GCC_OPTIMIZATION_LEVEL = 0;
				GCC_PREPROCESSOR_DEFINITIONS = (
					"DEBUG=1",
					"$(inherited)",
				);
				GCC_WARN_64_TO_32_BIT_CONVERSION = YES;
				GCC_WARN_ABOUT_RETURN_TYPE = YES_ERROR;
				GCC_WARN_UNDECLARED_SELECTOR = YES;
				GCC_WARN_UNINITIALIZED_AUTOS = YES_AGGRESSIVE;
				GCC_WARN_UNUSED_FUNCTION = YES;
				GCC_WARN_UNUSED_VARIABLE = YES;
				IPHONEOS_DEPLOYMENT_TARGET = 11.0;
				MTL_ENABLE_DEBUG_INFO = YES;
				ONLY_ACTIVE_ARCH = YES;
				SDKROOT = iphoneos;
				SWIFT_ACTIVE_COMPILATION_CONDITIONS = DEBUG;
				SWIFT_OPTIMIZATION_LEVEL = "-Onone";
			};
			name = Debug;
		};
		EC5A8AB11F81D85300F208B8 /* Release */ = {
			isa = XCBuildConfiguration;
			buildSettings = {
				ALWAYS_SEARCH_USER_PATHS = NO;
				CLANG_ANALYZER_NONNULL = YES;
				CLANG_ANALYZER_NUMBER_OBJECT_CONVERSION = YES_AGGRESSIVE;
				CLANG_CXX_LANGUAGE_STANDARD = "gnu++14";
				CLANG_CXX_LIBRARY = "libc++";
				CLANG_ENABLE_MODULES = YES;
				CLANG_ENABLE_OBJC_ARC = YES;
				CLANG_WARN_BLOCK_CAPTURE_AUTORELEASING = YES;
				CLANG_WARN_BOOL_CONVERSION = YES;
				CLANG_WARN_COMMA = YES;
				CLANG_WARN_CONSTANT_CONVERSION = YES;
				CLANG_WARN_DIRECT_OBJC_ISA_USAGE = YES_ERROR;
				CLANG_WARN_DOCUMENTATION_COMMENTS = YES;
				CLANG_WARN_EMPTY_BODY = YES;
				CLANG_WARN_ENUM_CONVERSION = YES;
				CLANG_WARN_INFINITE_RECURSION = YES;
				CLANG_WARN_INT_CONVERSION = YES;
				CLANG_WARN_NON_LITERAL_NULL_CONVERSION = YES;
				CLANG_WARN_OBJC_LITERAL_CONVERSION = YES;
				CLANG_WARN_OBJC_ROOT_CLASS = YES_ERROR;
				CLANG_WARN_RANGE_LOOP_ANALYSIS = YES;
				CLANG_WARN_STRICT_PROTOTYPES = YES;
				CLANG_WARN_SUSPICIOUS_MOVE = YES;
				CLANG_WARN_UNGUARDED_AVAILABILITY = YES_AGGRESSIVE;
				CLANG_WARN_UNREACHABLE_CODE = YES;
				CLANG_WARN__DUPLICATE_METHOD_MATCH = YES;
				CODE_SIGN_IDENTITY = "iPhone Developer";
				COPY_PHASE_STRIP = NO;
				DEBUG_INFORMATION_FORMAT = "dwarf-with-dsym";
				ENABLE_NS_ASSERTIONS = NO;
				ENABLE_STRICT_OBJC_MSGSEND = YES;
				GCC_C_LANGUAGE_STANDARD = gnu11;
				GCC_NO_COMMON_BLOCKS = YES;
				GCC_WARN_64_TO_32_BIT_CONVERSION = YES;
				GCC_WARN_ABOUT_RETURN_TYPE = YES_ERROR;
				GCC_WARN_UNDECLARED_SELECTOR = YES;
				GCC_WARN_UNINITIALIZED_AUTOS = YES_AGGRESSIVE;
				GCC_WARN_UNUSED_FUNCTION = YES;
				GCC_WARN_UNUSED_VARIABLE = YES;
				IPHONEOS_DEPLOYMENT_TARGET = 11.0;
				MTL_ENABLE_DEBUG_INFO = NO;
				SDKROOT = iphoneos;
				SWIFT_OPTIMIZATION_LEVEL = "-Owholemodule";
				VALIDATE_PRODUCT = YES;
			};
			name = Release;
		};
		EC5A8AB31F81D85300F208B8 /* Debug */ = {
			isa = XCBuildConfiguration;
			buildSettings = {
				ASSETCATALOG_COMPILER_APPICON_NAME = AppIcon;
				CODE_SIGN_STYLE = Automatic;
				DEVELOPMENT_TEAM = Q9AL3MNB3C;
				INFOPLIST_FILE = AutoLayout_Tutorial/Info.plist;
				LD_RUNPATH_SEARCH_PATHS = "$(inherited) @executable_path/Frameworks";
				PRODUCT_BUNDLE_IDENTIFIER = "com.MobileDevs.AutoLayout-Tutorial";
				PRODUCT_NAME = "$(TARGET_NAME)";
				SWIFT_VERSION = 4.0;
				TARGETED_DEVICE_FAMILY = "1,2";
			};
			name = Debug;
		};
		EC5A8AB41F81D85300F208B8 /* Release */ = {
			isa = XCBuildConfiguration;
			buildSettings = {
				ASSETCATALOG_COMPILER_APPICON_NAME = AppIcon;
				CODE_SIGN_STYLE = Automatic;
				DEVELOPMENT_TEAM = Q9AL3MNB3C;
				INFOPLIST_FILE = AutoLayout_Tutorial/Info.plist;
				LD_RUNPATH_SEARCH_PATHS = "$(inherited) @executable_path/Frameworks";
				PRODUCT_BUNDLE_IDENTIFIER = "com.MobileDevs.AutoLayout-Tutorial";
				PRODUCT_NAME = "$(TARGET_NAME)";
				SWIFT_VERSION = 4.0;
				TARGETED_DEVICE_FAMILY = "1,2";
			};
			name = Release;
		};
/* End XCBuildConfiguration section */

/* Begin XCConfigurationList section */
		EC5A8A9B1F81D85300F208B8 /* Build configuration list for PBXProject "AutoLayout_Tutorial" */ = {
			isa = XCConfigurationList;
			buildConfigurations = (
				EC5A8AB01F81D85300F208B8 /* Debug */,
				EC5A8AB11F81D85300F208B8 /* Release */,
			);
			defaultConfigurationIsVisible = 0;
			defaultConfigurationName = Release;
		};
		EC5A8AB21F81D85300F208B8 /* Build configuration list for PBXNativeTarget "AutoLayout_Tutorial" */ = {
			isa = XCConfigurationList;
			buildConfigurations = (
				EC5A8AB31F81D85300F208B8 /* Debug */,
				EC5A8AB41F81D85300F208B8 /* Release */,
			);
			defaultConfigurationIsVisible = 0;
			defaultConfigurationName = Release;
		};
/* End XCConfigurationList section */
	};
	rootObject = EC5A8A981F81D85300F208B8 /* Project object */;
}
